// !$*UTF8*$!
{
	archiveVersion = 1;
	classes = {
	};
	objectVersion = 46;
	objects = {

/* Begin PBXBuildFile section */
		64585BA51DA3BCFC00DC909D /* NetworkManager.swift in Sources */ = {isa = PBXBuildFile; fileRef = 64585BA41DA3BCFC00DC909D /* NetworkManager.swift */; };
		647629281DA282E000FA6810 /* AppDelegate.swift in Sources */ = {isa = PBXBuildFile; fileRef = 647629271DA282E000FA6810 /* AppDelegate.swift */; };
		6476292A1DA282E000FA6810 /* RecordsTableViewController.swift in Sources */ = {isa = PBXBuildFile; fileRef = 647629291DA282E000FA6810 /* RecordsTableViewController.swift */; };
		6476292D1DA282E000FA6810 /* Main.storyboard in Resources */ = {isa = PBXBuildFile; fileRef = 6476292B1DA282E000FA6810 /* Main.storyboard */; };
		6476292F1DA282E000FA6810 /* Assets.xcassets in Resources */ = {isa = PBXBuildFile; fileRef = 6476292E1DA282E000FA6810 /* Assets.xcassets */; };
		647629321DA282E000FA6810 /* LaunchScreen.storyboard in Resources */ = {isa = PBXBuildFile; fileRef = 647629301DA282E000FA6810 /* LaunchScreen.storyboard */; };
		6476293A1DA287BF00FA6810 /* RecordTableViewCell.swift in Sources */ = {isa = PBXBuildFile; fileRef = 647629391DA287BF00FA6810 /* RecordTableViewCell.swift */; };
		6476293C1DA2892900FA6810 /* Record.swift in Sources */ = {isa = PBXBuildFile; fileRef = 6476293B1DA2892900FA6810 /* Record.swift */; };
		6476293E1DA299F500FA6810 /* RecordDetailViewController.swift in Sources */ = {isa = PBXBuildFile; fileRef = 6476293D1DA299F500FA6810 /* RecordDetailViewController.swift */; };
		647629401DA29A0300FA6810 /* CreateNewRecordViewController.swift in Sources */ = {isa = PBXBuildFile; fileRef = 6476293F1DA29A0300FA6810 /* CreateNewRecordViewController.swift */; };
		647629421DA29A8200FA6810 /* Utils.swift in Sources */ = {isa = PBXBuildFile; fileRef = 647629411DA29A8200FA6810 /* Utils.swift */; };
/* End PBXBuildFile section */

/* Begin PBXFileReference section */
		64585BA41DA3BCFC00DC909D /* NetworkManager.swift */ = {isa = PBXFileReference; fileEncoding = 4; lastKnownFileType = sourcecode.swift; path = NetworkManager.swift; sourceTree = "<group>"; };
		647629241DA282E000FA6810 /* i-Partner.app */ = {isa = PBXFileReference; explicitFileType = wrapper.application; includeInIndex = 0; path = "i-Partner.app"; sourceTree = BUILT_PRODUCTS_DIR; };
		647629271DA282E000FA6810 /* AppDelegate.swift */ = {isa = PBXFileReference; lastKnownFileType = sourcecode.swift; path = AppDelegate.swift; sourceTree = "<group>"; };
		647629291DA282E000FA6810 /* RecordsTableViewController.swift */ = {isa = PBXFileReference; lastKnownFileType = sourcecode.swift; path = RecordsTableViewController.swift; sourceTree = "<group>"; };
		6476292C1DA282E000FA6810 /* Base */ = {isa = PBXFileReference; lastKnownFileType = file.storyboard; name = Base; path = Base.lproj/Main.storyboard; sourceTree = "<group>"; };
		6476292E1DA282E000FA6810 /* Assets.xcassets */ = {isa = PBXFileReference; lastKnownFileType = folder.assetcatalog; path = Assets.xcassets; sourceTree = "<group>"; };
		647629311DA282E000FA6810 /* Base */ = {isa = PBXFileReference; lastKnownFileType = file.storyboard; name = Base; path = Base.lproj/LaunchScreen.storyboard; sourceTree = "<group>"; };
		647629331DA282E000FA6810 /* Info.plist */ = {isa = PBXFileReference; lastKnownFileType = text.plist.xml; path = Info.plist; sourceTree = "<group>"; };
		647629391DA287BF00FA6810 /* RecordTableViewCell.swift */ = {isa = PBXFileReference; fileEncoding = 4; lastKnownFileType = sourcecode.swift; path = RecordTableViewCell.swift; sourceTree = "<group>"; };
		6476293B1DA2892900FA6810 /* Record.swift */ = {isa = PBXFileReference; fileEncoding = 4; lastKnownFileType = sourcecode.swift; path = Record.swift; sourceTree = "<group>"; };
		6476293D1DA299F500FA6810 /* RecordDetailViewController.swift */ = {isa = PBXFileReference; fileEncoding = 4; lastKnownFileType = sourcecode.swift; path = RecordDetailViewController.swift; sourceTree = "<group>"; };
		6476293F1DA29A0300FA6810 /* CreateNewRecordViewController.swift */ = {isa = PBXFileReference; fileEncoding = 4; lastKnownFileType = sourcecode.swift; path = CreateNewRecordViewController.swift; sourceTree = "<group>"; };
		647629411DA29A8200FA6810 /* Utils.swift */ = {isa = PBXFileReference; fileEncoding = 4; lastKnownFileType = sourcecode.swift; path = Utils.swift; sourceTree = "<group>"; };
/* End PBXFileReference section */

/* Begin PBXFrameworksBuildPhase section */
		647629211DA282E000FA6810 /* Frameworks */ = {
			isa = PBXFrameworksBuildPhase;
			buildActionMask = 2147483647;
			files = (
			);
			runOnlyForDeploymentPostprocessing = 0;
		};
/* End PBXFrameworksBuildPhase section */

/* Begin PBXGroup section */
		6476291B1DA282E000FA6810 = {
			isa = PBXGroup;
			children = (
				647629261DA282E000FA6810 /* i-Partner */,
				647629251DA282E000FA6810 /* Products */,
			);
			sourceTree = "<group>";
		};
		647629251DA282E000FA6810 /* Products */ = {
			isa = PBXGroup;
			children = (
				647629241DA282E000FA6810 /* i-Partner.app */,
			);
			name = Products;
			sourceTree = "<group>";
		};
		647629261DA282E000FA6810 /* i-Partner */ = {
			isa = PBXGroup;
			children = (
				647629271DA282E000FA6810 /* AppDelegate.swift */,
				647629391DA287BF00FA6810 /* RecordTableViewCell.swift */,
				647629291DA282E000FA6810 /* RecordsTableViewController.swift */,
				6476293B1DA2892900FA6810 /* Record.swift */,
				64585BA41DA3BCFC00DC909D /* NetworkManager.swift */,
				6476293D1DA299F500FA6810 /* RecordDetailViewController.swift */,
				6476293F1DA29A0300FA6810 /* CreateNewRecordViewController.swift */,
				647629411DA29A8200FA6810 /* Utils.swift */,
				6476292B1DA282E000FA6810 /* Main.storyboard */,
				6476292E1DA282E000FA6810 /* Assets.xcassets */,
				647629301DA282E000FA6810 /* LaunchScreen.storyboard */,
				647629331DA282E000FA6810 /* Info.plist */,
			);
			path = "i-Partner";
			sourceTree = "<group>";
		};
/* End PBXGroup section */

/* Begin PBXNativeTarget section */
		647629231DA282E000FA6810 /* i-Partner */ = {
			isa = PBXNativeTarget;
			buildConfigurationList = 647629361DA282E000FA6810 /* Build configuration list for PBXNativeTarget "i-Partner" */;
			buildPhases = (
				647629201DA282E000FA6810 /* Sources */,
				647629211DA282E000FA6810 /* Frameworks */,
				647629221DA282E000FA6810 /* Resources */,
			);
			buildRules = (
			);
			dependencies = (
			);
			name = "i-Partner";
			productName = "i-Partner";
			productReference = 647629241DA282E000FA6810 /* i-Partner.app */;
			productType = "com.apple.product-type.application";
		};
/* End PBXNativeTarget section */

/* Begin PBXProject section */
		6476291C1DA282E000FA6810 /* Project object */ = {
			isa = PBXProject;
			attributes = {
				LastSwiftUpdateCheck = 0800;
				LastUpgradeCheck = 0800;
				ORGANIZATIONNAME = AuroraInterplay;
				TargetAttributes = {
					647629231DA282E000FA6810 = {
						CreatedOnToolsVersion = 8.0;
						DevelopmentTeam = 99MX98QF2R;
						ProvisioningStyle = Automatic;
					};
				};
			};
			buildConfigurationList = 6476291F1DA282E000FA6810 /* Build configuration list for PBXProject "i-Partner" */;
			compatibilityVersion = "Xcode 3.2";
			developmentRegion = English;
			hasScannedForEncodings = 0;
			knownRegions = (
				en,
				Base,
			);
			mainGroup = 6476291B1DA282E000FA6810;
			productRefGroup = 647629251DA282E000FA6810 /* Products */;
			projectDirPath = "";
			projectRoot = "";
			targets = (
				647629231DA282E000FA6810 /* i-Partner */,
			);
		};
/* End PBXProject section */

/* Begin PBXResourcesBuildPhase section */
		647629221DA282E000FA6810 /* Resources */ = {
			isa = PBXResourcesBuildPhase;
			buildActionMask = 2147483647;
			files = (
				647629321DA282E000FA6810 /* LaunchScreen.storyboard in Resources */,
				6476292F1DA282E000FA6810 /* Assets.xcassets in Resources */,
				6476292D1DA282E000FA6810 /* Main.storyboard in Resources */,
			);
			runOnlyForDeploymentPostprocessing = 0;
		};
/* End PBXResourcesBuildPhase section */

/* Begin PBXSourcesBuildPhase section */
		647629201DA282E000FA6810 /* Sources */ = {
			isa = PBXSourcesBuildPhase;
			buildActionMask = 2147483647;
			files = (
				647629401DA29A0300FA6810 /* CreateNewRecordViewController.swift in Sources */,
				6476292A1DA282E000FA6810 /* RecordsTableViewController.swift in Sources */,
				647629281DA282E000FA6810 /* AppDelegate.swift in Sources */,
				647629421DA29A8200FA6810 /* Utils.swift in Sources */,
				64585BA51DA3BCFC00DC909D /* NetworkManager.swift in Sources */,
				6476293E1DA299F500FA6810 /* RecordDetailViewController.swift in Sources */,
				6476293C1DA2892900FA6810 /* Record.swift in Sources */,
				6476293A1DA287BF00FA6810 /* RecordTableViewCell.swift in Sources */,
			);
			runOnlyForDeploymentPostprocessing = 0;
		};
/* End PBXSourcesBuildPhase section */

/* Begin PBXVariantGroup section */
		6476292B1DA282E000FA6810 /* Main.storyboard */ = {
			isa = PBXVariantGroup;
			children = (
				6476292C1DA282E000FA6810 /* Base */,
			);
			name = Main.storyboard;
			sourceTree = "<group>";
		};
		647629301DA282E000FA6810 /* LaunchScreen.storyboard */ = {
			isa = PBXVariantGroup;
			children = (
				647629311DA282E000FA6810 /* Base */,
			);
			name = LaunchScreen.storyboard;
			sourceTree = "<group>";
		};
/* End PBXVariantGroup section */

/* Begin XCBuildConfiguration section */
		647629341DA282E000FA6810 /* Debug */ = {
			isa = XCBuildConfiguration;
			buildSettings = {
				ALWAYS_SEARCH_USER_PATHS = NO;
				CLANG_ANALYZER_NONNULL = YES;
				CLANG_CXX_LANGUAGE_STANDARD = "gnu++0x";
				CLANG_CXX_LIBRARY = "libc++";
				CLANG_ENABLE_MODULES = YES;
				CLANG_ENABLE_OBJC_ARC = YES;
				CLANG_WARN_BOOL_CONVERSION = YES;
				CLANG_WARN_CONSTANT_CONVERSION = YES;
				CLANG_WARN_DIRECT_OBJC_ISA_USAGE = YES_ERROR;
				CLANG_WARN_DOCUMENTATION_COMMENTS = YES;
				CLANG_WARN_EMPTY_BODY = YES;
				CLANG_WARN_ENUM_CONVERSION = YES;
				CLANG_WARN_INFINITE_RECURSION = YES;
				CLANG_WARN_INT_CONVERSION = YES;
				CLANG_WARN_OBJC_ROOT_CLASS = YES_ERROR;
				CLANG_WARN_SUSPICIOUS_MOVES = YES;
				CLANG_WARN_UNREACHABLE_CODE = YES;
				CLANG_WARN__DUPLICATE_METHOD_MATCH = YES;
				"CODE_SIGN_IDENTITY[sdk=iphoneos*]" = "iPhone Developer";
				COPY_PHASE_STRIP = NO;
				DEBUG_INFORMATION_FORMAT = dwarf;
				ENABLE_STRICT_OBJC_MSGSEND = YES;
				ENABLE_TESTABILITY = YES;
				GCC_C_LANGUAGE_STANDARD = gnu99;
				GCC_DYNAMIC_NO_PIC = NO;
				GCC_NO_COMMON_BLOCKS = YES;
				GCC_OPTIMIZATION_LEVEL = 0;
				GCC_PREPROCESSOR_DEFINITIONS = (
					"DEBUG=1",
					"$(inherited)",
				);
				GCC_WARN_64_TO_32_BIT_CONVERSION = YES;
				GCC_WARN_ABOUT_RETURN_TYPE = YES_ERROR;
				GCC_WARN_UNDECLARED_SELECTOR = YES;
				GCC_WARN_UNINITIALIZED_AUTOS = YES_AGGRESSIVE;
				GCC_WARN_UNUSED_FUNCTION = YES;
				GCC_WARN_UNUSED_VARIABLE = YES;
				IPHONEOS_DEPLOYMENT_TARGET = 10.0;
				MTL_ENABLE_DEBUG_INFO = YES;
				ONLY_ACTIVE_ARCH = YES;
				SDKROOT = iphoneos;
				SWIFT_ACTIVE_COMPILATION_CONDITIONS = DEBUG;
				SWIFT_OPTIMIZATION_LEVEL = "-Onone";
			};
			name = Debug;
		};
		647629351DA282E000FA6810 /* Release */ = {
			isa = XCBuildConfiguration;
			buildSettings = {
				ALWAYS_SEARCH_USER_PATHS = NO;
				CLANG_ANALYZER_NONNULL = YES;
				CLANG_CXX_LANGUAGE_STANDARD = "gnu++0x";
				CLANG_CXX_LIBRARY = "libc++";
				CLANG_ENABLE_MODULES = YES;
				CLANG_ENABLE_OBJC_ARC = YES;
				CLANG_WARN_BOOL_CONVERSION = YES;
				CLANG_WARN_CONSTANT_CONVERSION = YES;
				CLANG_WARN_DIRECT_OBJC_ISA_USAGE = YES_ERROR;
				CLANG_WARN_DOCUMENTATION_COMMENTS = YES;
				CLANG_WARN_EMPTY_BODY = YES;
				CLANG_WARN_ENUM_CONVERSION = YES;
				CLANG_WARN_INFINITE_RECURSION = YES;
				CLANG_WARN_INT_CONVERSION = YES;
				CLANG_WARN_OBJC_ROOT_CLASS = YES_ERROR;
				CLANG_WARN_SUSPICIOUS_MOVES = YES;
				CLANG_WARN_UNREACHABLE_CODE = YES;
				CLANG_WARN__DUPLICATE_METHOD_MATCH = YES;
				"CODE_SIGN_IDENTITY[sdk=iphoneos*]" = "iPhone Developer";
				COPY_PHASE_STRIP = NO;
				DEBUG_INFORMATION_FORMAT = "dwarf-with-dsym";
				ENABLE_NS_ASSERTIONS = NO;
				ENABLE_STRICT_OBJC_MSGSEND = YES;
				GCC_C_LANGUAGE_STANDARD = gnu99;
				GCC_NO_COMMON_BLOCKS = YES;
				GCC_WARN_64_TO_32_BIT_CONVERSION = YES;
				GCC_WARN_ABOUT_RETURN_TYPE = YES_ERROR;
				GCC_WARN_UNDECLARED_SELECTOR = YES;
				GCC_WARN_UNINITIALIZED_AUTOS = YES_AGGRESSIVE;
				GCC_WARN_UNUSED_FUNCTION = YES;
				GCC_WARN_UNUSED_VARIABLE = YES;
				IPHONEOS_DEPLOYMENT_TARGET = 10.0;
				MTL_ENABLE_DEBUG_INFO = NO;
				SDKROOT = iphoneos;
				SWIFT_OPTIMIZATION_LEVEL = "-Owholemodule";
				VALIDATE_PRODUCT = YES;
			};
			name = Release;
		};
		647629371DA282E000FA6810 /* Debug */ = {
			isa = XCBuildConfiguration;
			buildSettings = {
				ASSETCATALOG_COMPILER_APPICON_NAME = AppIcon;
				DEVELOPMENT_TEAM = 99MX98QF2R;
				INFOPLIST_FILE = "i-Partner/Info.plist";
				LD_RUNPATH_SEARCH_PATHS = "$(inherited) @executable_path/Frameworks";
				PRODUCT_BUNDLE_IDENTIFIER = "AuroraInterplay.i-Partner";
				PRODUCT_NAME = "$(TARGET_NAME)";
				SWIFT_VERSION = 3.0;
			};
			name = Debug;
		};
		647629381DA282E000FA6810 /* Release */ = {
			isa = XCBuildConfiguration;
			buildSettings = {
				ASSETCATALOG_COMPILER_APPICON_NAME = AppIcon;
				DEVELOPMENT_TEAM = 99MX98QF2R;
				INFOPLIST_FILE = "i-Partner/Info.plist";
				LD_RUNPATH_SEARCH_PATHS = "$(inherited) @executable_path/Frameworks";
				PRODUCT_BUNDLE_IDENTIFIER = "AuroraInterplay.i-Partner";
				PRODUCT_NAME = "$(TARGET_NAME)";
				SWIFT_VERSION = 3.0;
			};
			name = Release;
		};
/* End XCBuildConfiguration section */

/* Begin XCConfigurationList section */
		6476291F1DA282E000FA6810 /* Build configuration list for PBXProject "i-Partner" */ = {
			isa = XCConfigurationList;
			buildConfigurations = (
				647629341DA282E000FA6810 /* Debug */,
				647629351DA282E000FA6810 /* Release */,
			);
			defaultConfigurationIsVisible = 0;
			defaultConfigurationName = Release;
		};
		647629361DA282E000FA6810 /* Build configuration list for PBXNativeTarget "i-Partner" */ = {
			isa = XCConfigurationList;
			buildConfigurations = (
				647629371DA282E000FA6810 /* Debug */,
				647629381DA282E000FA6810 /* Release */,
			);
			defaultConfigurationIsVisible = 0;
			defaultConfigurationName = Release;
		};
/* End XCConfigurationList section */
	};
	rootObject = 6476291C1DA282E000FA6810 /* Project object */;
}
